<?xml version="1.0" encoding="utf-8"?>
<Project ToolsVersion="4.0" xmlns="http://schemas.microsoft.com/developer/msbuild/2003">
  <ItemGroup>
    <Filter Include="src">
      <UniqueIdentifier>{1f885704-1fa2-4c46-a3f8-7aa7244fb740}</UniqueIdentifier>
    </Filter>
    <Filter Include="src\judged">
      <UniqueIdentifier>{7c3f06ce-09c6-417c-acd5-8ef37ba43dbf}</UniqueIdentifier>
    </Filter>
  </ItemGroup>
  <ItemGroup>
    <ClCompile Include="src\judged\judged.cpp">
      <Filter>src\judged</Filter>
    </ClCompile>
    <ClCompile Include="src\log.cpp">
      <Filter>src</Filter>
    </ClCompile>
    <ClCompile Include="src\misc.cpp">
      <Filter>src</Filter>
    </ClCompile>
    <ClCompile Include="src\read_config.cpp">
      <Filter>src</Filter>
    </ClCompile>
  </ItemGroup>
  <ItemGroup>
    <ClInclude Include="src\judged\judged.h">
      <Filter>src\judged</Filter>
    </ClInclude>
    <ClInclude Include="src\log.h">
      <Filter>src</Filter>
    </ClInclude>
    <ClInclude Include="src\thread_safe_queue.hpp">
      <Filter>src</Filter>
    </ClInclude>
    <ClInclude Include="src\misc.h">
      <Filter>src</Filter>
    </ClInclude>
    <ClInclude Include="src\judge_core.h">
      <Filter>src</Filter>
    </ClInclude>
    <ClInclude Include="src\read_config.h">
      <Filter>src</Filter>
    </ClInclude>
  </ItemGroup>
</Project>